// !$*UTF8*$!
{
	archiveVersion = 1;
	classes = {
	};
	objectVersion = 56;
	objects = {

/* Begin PBXBuildFile section */
		A907ACD72A28C9D5004BBFD1 /* AppDelegate.swift in Sources */ = {isa = PBXBuildFile; fileRef = A907ACD62A28C9D5004BBFD1 /* AppDelegate.swift */; };
		A907ACD92A28C9D5004BBFD1 /* SceneDelegate.swift in Sources */ = {isa = PBXBuildFile; fileRef = A907ACD82A28C9D5004BBFD1 /* SceneDelegate.swift */; };
		A907ACDB2A28C9D5004BBFD1 /* CarouselExampleVC.swift in Sources */ = {isa = PBXBuildFile; fileRef = A907ACDA2A28C9D5004BBFD1 /* CarouselExampleVC.swift */; };
		A907ACE02A28C9D7004BBFD1 /* Assets.xcassets in Resources */ = {isa = PBXBuildFile; fileRef = A907ACDF2A28C9D7004BBFD1 /* Assets.xcassets */; };
		A907ACE32A28C9D7004BBFD1 /* LaunchScreen.storyboard in Resources */ = {isa = PBXBuildFile; fileRef = A907ACE12A28C9D7004BBFD1 /* LaunchScreen.storyboard */; };
		A907ACEC2A28CCC5004BBFD1 /* CustomCarouselView.swift in Sources */ = {isa = PBXBuildFile; fileRef = A907ACEB2A28CCC5004BBFD1 /* CustomCarouselView.swift */; };
		A907ACEF2A28CCD0004BBFD1 /* CustomCarouselViewModel.swift in Sources */ = {isa = PBXBuildFile; fileRef = A907ACEE2A28CCD0004BBFD1 /* CustomCarouselViewModel.swift */; };
		A907ACF12A28D016004BBFD1 /* CarouselCell.swift in Sources */ = {isa = PBXBuildFile; fileRef = A907ACF02A28D016004BBFD1 /* CarouselCell.swift */; };
		A907ACF92A28D1B1004BBFD1 /* SwiftExtension in Frameworks */ = {isa = PBXBuildFile; productRef = A907ACF82A28D1B1004BBFD1 /* SwiftExtension */; };
		A907ACFD2A28D510004BBFD1 /* SnapKit in Frameworks */ = {isa = PBXBuildFile; productRef = A907ACFC2A28D510004BBFD1 /* SnapKit */; };
/* End PBXBuildFile section */

/* Begin PBXFileReference section */
		A907ACD32A28C9D5004BBFD1 /* CustomCarousel.app */ = {isa = PBXFileReference; explicitFileType = wrapper.application; includeInIndex = 0; path = CustomCarousel.app; sourceTree = BUILT_PRODUCTS_DIR; };
		A907ACD62A28C9D5004BBFD1 /* AppDelegate.swift */ = {isa = PBXFileReference; lastKnownFileType = sourcecode.swift; path = AppDelegate.swift; sourceTree = "<group>"; };
		A907ACD82A28C9D5004BBFD1 /* SceneDelegate.swift */ = {isa = PBXFileReference; lastKnownFileType = sourcecode.swift; path = SceneDelegate.swift; sourceTree = "<group>"; };
		A907ACDA2A28C9D5004BBFD1 /* CarouselExampleVC.swift */ = {isa = PBXFileReference; lastKnownFileType = sourcecode.swift; path = CarouselExampleVC.swift; sourceTree = "<group>"; };
		A907ACDF2A28C9D7004BBFD1 /* Assets.xcassets */ = {isa = PBXFileReference; lastKnownFileType = folder.assetcatalog; path = Assets.xcassets; sourceTree = "<group>"; };
		A907ACE22A28C9D7004BBFD1 /* Base */ = {isa = PBXFileReference; lastKnownFileType = file.storyboard; name = Base; path = Base.lproj/LaunchScreen.storyboard; sourceTree = "<group>"; };
		A907ACE42A28C9D7004BBFD1 /* Info.plist */ = {isa = PBXFileReference; lastKnownFileType = text.plist.xml; path = Info.plist; sourceTree = "<group>"; };
		A907ACEB2A28CCC5004BBFD1 /* CustomCarouselView.swift */ = {isa = PBXFileReference; lastKnownFileType = sourcecode.swift; path = CustomCarouselView.swift; sourceTree = "<group>"; };
		A907ACEE2A28CCD0004BBFD1 /* CustomCarouselViewModel.swift */ = {isa = PBXFileReference; lastKnownFileType = sourcecode.swift; path = CustomCarouselViewModel.swift; sourceTree = "<group>"; };
		A907ACF02A28D016004BBFD1 /* CarouselCell.swift */ = {isa = PBXFileReference; lastKnownFileType = sourcecode.swift; path = CarouselCell.swift; sourceTree = "<group>"; };
/* End PBXFileReference section */

/* Begin PBXFrameworksBuildPhase section */
		A907ACD02A28C9D5004BBFD1 /* Frameworks */ = {
			isa = PBXFrameworksBuildPhase;
			buildActionMask = 2147483647;
			files = (
				A907ACF92A28D1B1004BBFD1 /* SwiftExtension in Frameworks */,
				A907ACFD2A28D510004BBFD1 /* SnapKit in Frameworks */,
			);
			runOnlyForDeploymentPostprocessing = 0;
		};
/* End PBXFrameworksBuildPhase section */

/* Begin PBXGroup section */
		A907ACCA2A28C9D5004BBFD1 = {
			isa = PBXGroup;
			children = (
				A907ACD52A28C9D5004BBFD1 /* CustomCarousel */,
				A907ACD42A28C9D5004BBFD1 /* Products */,
			);
			sourceTree = "<group>";
		};
		A907ACD42A28C9D5004BBFD1 /* Products */ = {
			isa = PBXGroup;
			children = (
				A907ACD32A28C9D5004BBFD1 /* CustomCarousel.app */,
			);
			name = Products;
			sourceTree = "<group>";
		};
		A907ACD52A28C9D5004BBFD1 /* CustomCarousel */ = {
			isa = PBXGroup;
			children = (
				A907ACDA2A28C9D5004BBFD1 /* CarouselExampleVC.swift */,
				A907ACED2A28CCCA004BBFD1 /* CustomCarouselView */,
				A907ACEA2A28CCA7004BBFD1 /* Supporting Files */,
			);
			path = CustomCarousel;
			sourceTree = "<group>";
		};
		A907ACEA2A28CCA7004BBFD1 /* Supporting Files */ = {
			isa = PBXGroup;
			children = (
				A907ACD62A28C9D5004BBFD1 /* AppDelegate.swift */,
				A907ACD82A28C9D5004BBFD1 /* SceneDelegate.swift */,
				A907ACDF2A28C9D7004BBFD1 /* Assets.xcassets */,
				A907ACE12A28C9D7004BBFD1 /* LaunchScreen.storyboard */,
				A907ACE42A28C9D7004BBFD1 /* Info.plist */,
			);
			path = "Supporting Files";
			sourceTree = "<group>";
		};
		A907ACED2A28CCCA004BBFD1 /* CustomCarouselView */ = {
			isa = PBXGroup;
			children = (
				A907ACFA2A28D25F004BBFD1 /* Cells */,
				A907ACEB2A28CCC5004BBFD1 /* CustomCarouselView.swift */,
				A907ACEE2A28CCD0004BBFD1 /* CustomCarouselViewModel.swift */,
			);
			path = CustomCarouselView;
			sourceTree = "<group>";
		};
		A907ACFA2A28D25F004BBFD1 /* Cells */ = {
			isa = PBXGroup;
			children = (
				A907ACF02A28D016004BBFD1 /* CarouselCell.swift */,
			);
			path = Cells;
			sourceTree = "<group>";
		};
/* End PBXGroup section */

/* Begin PBXNativeTarget section */
		A907ACD22A28C9D5004BBFD1 /* CustomCarousel */ = {
			isa = PBXNativeTarget;
			buildConfigurationList = A907ACE72A28C9D7004BBFD1 /* Build configuration list for PBXNativeTarget "CustomCarousel" */;
			buildPhases = (
				A907ACCF2A28C9D5004BBFD1 /* Sources */,
				A907ACD02A28C9D5004BBFD1 /* Frameworks */,
				A907ACD12A28C9D5004BBFD1 /* Resources */,
			);
			buildRules = (
			);
			dependencies = (
			);
			name = CustomCarousel;
			packageProductDependencies = (
				A907ACF82A28D1B1004BBFD1 /* SwiftExtension */,
				A907ACFC2A28D510004BBFD1 /* SnapKit */,
			);
			productName = CustomCarousel;
			productReference = A907ACD32A28C9D5004BBFD1 /* CustomCarousel.app */;
			productType = "com.apple.product-type.application";
		};
/* End PBXNativeTarget section */

/* Begin PBXProject section */
		A907ACCB2A28C9D5004BBFD1 /* Project object */ = {
			isa = PBXProject;
			attributes = {
				BuildIndependentTargetsInParallel = 1;
				LastSwiftUpdateCheck = 1430;
				LastUpgradeCheck = 1430;
				TargetAttributes = {
					A907ACD22A28C9D5004BBFD1 = {
						CreatedOnToolsVersion = 14.3;
					};
				};
			};
			buildConfigurationList = A907ACCE2A28C9D5004BBFD1 /* Build configuration list for PBXProject "CustomCarousel" */;
			compatibilityVersion = "Xcode 14.0";
			developmentRegion = en;
			hasScannedForEncodings = 0;
			knownRegions = (
				en,
				Base,
			);
			mainGroup = A907ACCA2A28C9D5004BBFD1;
			packageReferences = (
				A907ACF72A28D1B1004BBFD1 /* XCRemoteSwiftPackageReference "SwiftExtension" */,
				A907ACFB2A28D510004BBFD1 /* XCRemoteSwiftPackageReference "SnapKit" */,
			);
			productRefGroup = A907ACD42A28C9D5004BBFD1 /* Products */;
			projectDirPath = "";
			projectRoot = "";
			targets = (
				A907ACD22A28C9D5004BBFD1 /* CustomCarousel */,
			);
		};
/* End PBXProject section */

/* Begin PBXResourcesBuildPhase section */
		A907ACD12A28C9D5004BBFD1 /* Resources */ = {
			isa = PBXResourcesBuildPhase;
			buildActionMask = 2147483647;
			files = (
				A907ACE32A28C9D7004BBFD1 /* LaunchScreen.storyboard in Resources */,
				A907ACE02A28C9D7004BBFD1 /* Assets.xcassets in Resources */,
			);
			runOnlyForDeploymentPostprocessing = 0;
		};
/* End PBXResourcesBuildPhase section */

/* Begin PBXSourcesBuildPhase section */
		A907ACCF2A28C9D5004BBFD1 /* Sources */ = {
			isa = PBXSourcesBuildPhase;
			buildActionMask = 2147483647;
			files = (
				A907ACEF2A28CCD0004BBFD1 /* CustomCarouselViewModel.swift in Sources */,
				A907ACDB2A28C9D5004BBFD1 /* CarouselExampleVC.swift in Sources */,
				A907ACD72A28C9D5004BBFD1 /* AppDelegate.swift in Sources */,
				A907ACF12A28D016004BBFD1 /* CarouselCell.swift in Sources */,
				A907ACD92A28C9D5004BBFD1 /* SceneDelegate.swift in Sources */,
				A907ACEC2A28CCC5004BBFD1 /* CustomCarouselView.swift in Sources */,
			);
			runOnlyForDeploymentPostprocessing = 0;
		};
/* End PBXSourcesBuildPhase section */

/* Begin PBXVariantGroup section */
		A907ACE12A28C9D7004BBFD1 /* LaunchScreen.storyboard */ = {
			isa = PBXVariantGroup;
			children = (
				A907ACE22A28C9D7004BBFD1 /* Base */,
			);
			name = LaunchScreen.storyboard;
			sourceTree = "<group>";
		};
/* End PBXVariantGroup section */

/* Begin XCBuildConfiguration section */
		A907ACE52A28C9D7004BBFD1 /* Debug */ = {
			isa = XCBuildConfiguration;
			buildSettings = {
				ALWAYS_SEARCH_USER_PATHS = NO;
				CLANG_ANALYZER_NONNULL = YES;
				CLANG_ANALYZER_NUMBER_OBJECT_CONVERSION = YES_AGGRESSIVE;
				CLANG_CXX_LANGUAGE_STANDARD = "gnu++20";
				CLANG_ENABLE_MODULES = YES;
				CLANG_ENABLE_OBJC_ARC = YES;
				CLANG_ENABLE_OBJC_WEAK = YES;
				CLANG_WARN_BLOCK_CAPTURE_AUTORELEASING = YES;
				CLANG_WARN_BOOL_CONVERSION = YES;
				CLANG_WARN_COMMA = YES;
				CLANG_WARN_CONSTANT_CONVERSION = YES;
				CLANG_WARN_DEPRECATED_OBJC_IMPLEMENTATIONS = YES;
				CLANG_WARN_DIRECT_OBJC_ISA_USAGE = YES_ERROR;
				CLANG_WARN_DOCUMENTATION_COMMENTS = YES;
				CLANG_WARN_EMPTY_BODY = YES;
				CLANG_WARN_ENUM_CONVERSION = YES;
				CLANG_WARN_INFINITE_RECURSION = YES;
				CLANG_WARN_INT_CONVERSION = YES;
				CLANG_WARN_NON_LITERAL_NULL_CONVERSION = YES;
				CLANG_WARN_OBJC_IMPLICIT_RETAIN_SELF = YES;
				CLANG_WARN_OBJC_LITERAL_CONVERSION = YES;
				CLANG_WARN_OBJC_ROOT_CLASS = YES_ERROR;
				CLANG_WARN_QUOTED_INCLUDE_IN_FRAMEWORK_HEADER = YES;
				CLANG_WARN_RANGE_LOOP_ANALYSIS = YES;
				CLANG_WARN_STRICT_PROTOTYPES = YES;
				CLANG_WARN_SUSPICIOUS_MOVE = YES;
				CLANG_WARN_UNGUARDED_AVAILABILITY = YES_AGGRESSIVE;
				CLANG_WARN_UNREACHABLE_CODE = YES;
				CLANG_WARN__DUPLICATE_METHOD_MATCH = YES;
				COPY_PHASE_STRIP = NO;
				DEBUG_INFORMATION_FORMAT = dwarf;
				ENABLE_STRICT_OBJC_MSGSEND = YES;
				ENABLE_TESTABILITY = YES;
				GCC_C_LANGUAGE_STANDARD = gnu11;
				GCC_DYNAMIC_NO_PIC = NO;
				GCC_NO_COMMON_BLOCKS = YES;
				GCC_OPTIMIZATION_LEVEL = 0;
				GCC_PREPROCESSOR_DEFINITIONS = (
					"DEBUG=1",
					"$(inherited)",
				);
				GCC_WARN_64_TO_32_BIT_CONVERSION = YES;
				GCC_WARN_ABOUT_RETURN_TYPE = YES_ERROR;
				GCC_WARN_UNDECLARED_SELECTOR = YES;
				GCC_WARN_UNINITIALIZED_AUTOS = YES_AGGRESSIVE;
				GCC_WARN_UNUSED_FUNCTION = YES;
				GCC_WARN_UNUSED_VARIABLE = YES;
				IPHONEOS_DEPLOYMENT_TARGET = 16.4;
				MTL_ENABLE_DEBUG_INFO = INCLUDE_SOURCE;
				MTL_FAST_MATH = YES;
				ONLY_ACTIVE_ARCH = YES;
				SDKROOT = iphoneos;
				SWIFT_ACTIVE_COMPILATION_CONDITIONS = DEBUG;
				SWIFT_OPTIMIZATION_LEVEL = "-Onone";
			};
			name = Debug;
		};
		A907ACE62A28C9D7004BBFD1 /* Release */ = {
			isa = XCBuildConfiguration;
			buildSettings = {
				ALWAYS_SEARCH_USER_PATHS = NO;
				CLANG_ANALYZER_NONNULL = YES;
				CLANG_ANALYZER_NUMBER_OBJECT_CONVERSION = YES_AGGRESSIVE;
				CLANG_CXX_LANGUAGE_STANDARD = "gnu++20";
				CLANG_ENABLE_MODULES = YES;
				CLANG_ENABLE_OBJC_ARC = YES;
				CLANG_ENABLE_OBJC_WEAK = YES;
				CLANG_WARN_BLOCK_CAPTURE_AUTORELEASING = YES;
				CLANG_WARN_BOOL_CONVERSION = YES;
				CLANG_WARN_COMMA = YES;
				CLANG_WARN_CONSTANT_CONVERSION = YES;
				CLANG_WARN_DEPRECATED_OBJC_IMPLEMENTATIONS = YES;
				CLANG_WARN_DIRECT_OBJC_ISA_USAGE = YES_ERROR;
				CLANG_WARN_DOCUMENTATION_COMMENTS = YES;
				CLANG_WARN_EMPTY_BODY = YES;
				CLANG_WARN_ENUM_CONVERSION = YES;
				CLANG_WARN_INFINITE_RECURSION = YES;
				CLANG_WARN_INT_CONVERSION = YES;
				CLANG_WARN_NON_LITERAL_NULL_CONVERSION = YES;
				CLANG_WARN_OBJC_IMPLICIT_RETAIN_SELF = YES;
				CLANG_WARN_OBJC_LITERAL_CONVERSION = YES;
				CLANG_WARN_OBJC_ROOT_CLASS = YES_ERROR;
				CLANG_WARN_QUOTED_INCLUDE_IN_FRAMEWORK_HEADER = YES;
				CLANG_WARN_RANGE_LOOP_ANALYSIS = YES;
				CLANG_WARN_STRICT_PROTOTYPES = YES;
				CLANG_WARN_SUSPICIOUS_MOVE = YES;
				CLANG_WARN_UNGUARDED_AVAILABILITY = YES_AGGRESSIVE;
				CLANG_WARN_UNREACHABLE_CODE = YES;
				CLANG_WARN__DUPLICATE_METHOD_MATCH = YES;
				COPY_PHASE_STRIP = NO;
				DEBUG_INFORMATION_FORMAT = "dwarf-with-dsym";
				ENABLE_NS_ASSERTIONS = NO;
				ENABLE_STRICT_OBJC_MSGSEND = YES;
				GCC_C_LANGUAGE_STANDARD = gnu11;
				GCC_NO_COMMON_BLOCKS = YES;
				GCC_WARN_64_TO_32_BIT_CONVERSION = YES;
				GCC_WARN_ABOUT_RETURN_TYPE = YES_ERROR;
				GCC_WARN_UNDECLARED_SELECTOR = YES;
				GCC_WARN_UNINITIALIZED_AUTOS = YES_AGGRESSIVE;
				GCC_WARN_UNUSED_FUNCTION = YES;
				GCC_WARN_UNUSED_VARIABLE = YES;
				IPHONEOS_DEPLOYMENT_TARGET = 16.4;
				MTL_ENABLE_DEBUG_INFO = NO;
				MTL_FAST_MATH = YES;
				SDKROOT = iphoneos;
				SWIFT_COMPILATION_MODE = wholemodule;
				SWIFT_OPTIMIZATION_LEVEL = "-O";
				VALIDATE_PRODUCT = YES;
			};
			name = Release;
		};
		A907ACE82A28C9D7004BBFD1 /* Debug */ = {
			isa = XCBuildConfiguration;
			buildSettings = {
				ASSETCATALOG_COMPILER_APPICON_NAME = AppIcon;
				ASSETCATALOG_COMPILER_GLOBAL_ACCENT_COLOR_NAME = AccentColor;
				CODE_SIGN_STYLE = Automatic;
				CURRENT_PROJECT_VERSION = 1;
				DEVELOPMENT_TEAM = CY87MBJTCB;
				GENERATE_INFOPLIST_FILE = YES;
				INFOPLIST_FILE = "CustomCarousel/Supporting Files/Info.plist";
				INFOPLIST_KEY_UIApplicationSupportsIndirectInputEvents = YES;
				INFOPLIST_KEY_UILaunchStoryboardName = LaunchScreen;
				INFOPLIST_KEY_UISupportedInterfaceOrientations_iPad = "UIInterfaceOrientationPortrait UIInterfaceOrientationPortraitUpsideDown UIInterfaceOrientationLandscapeLeft UIInterfaceOrientationLandscapeRight";
				INFOPLIST_KEY_UISupportedInterfaceOrientations_iPhone = "UIInterfaceOrientationPortrait UIInterfaceOrientationLandscapeLeft UIInterfaceOrientationLandscapeRight";
				LD_RUNPATH_SEARCH_PATHS = (
					"$(inherited)",
					"@executable_path/Frameworks",
				);
				MARKETING_VERSION = 1.0;
				PRODUCT_BUNDLE_IDENTIFIER = irklch.CustomCarousel;
				PRODUCT_NAME = "$(TARGET_NAME)";
				SWIFT_EMIT_LOC_STRINGS = YES;
				SWIFT_VERSION = 5.0;
				TARGETED_DEVICE_FAMILY = "1,2";
			};
			name = Debug;
		};
		A907ACE92A28C9D7004BBFD1 /* Release */ = {
			isa = XCBuildConfiguration;
			buildSettings = {
				ASSETCATALOG_COMPILER_APPICON_NAME = AppIcon;
				ASSETCATALOG_COMPILER_GLOBAL_ACCENT_COLOR_NAME = AccentColor;
				CODE_SIGN_STYLE = Automatic;
				CURRENT_PROJECT_VERSION = 1;
				DEVELOPMENT_TEAM = CY87MBJTCB;
				GENERATE_INFOPLIST_FILE = YES;
				INFOPLIST_FILE = "CustomCarousel/Supporting Files/Info.plist";
				INFOPLIST_KEY_UIApplicationSupportsIndirectInputEvents = YES;
				INFOPLIST_KEY_UILaunchStoryboardName = LaunchScreen;
				INFOPLIST_KEY_UISupportedInterfaceOrientations_iPad = "UIInterfaceOrientationPortrait UIInterfaceOrientationPortraitUpsideDown UIInterfaceOrientationLandscapeLeft UIInterfaceOrientationLandscapeRight";
				INFOPLIST_KEY_UISupportedInterfaceOrientations_iPhone = "UIInterfaceOrientationPortrait UIInterfaceOrientationLandscapeLeft UIInterfaceOrientationLandscapeRight";
				LD_RUNPATH_SEARCH_PATHS = (
					"$(inherited)",
					"@executable_path/Frameworks",
				);
				MARKETING_VERSION = 1.0;
				PRODUCT_BUNDLE_IDENTIFIER = irklch.CustomCarousel;
				PRODUCT_NAME = "$(TARGET_NAME)";
				SWIFT_EMIT_LOC_STRINGS = YES;
				SWIFT_VERSION = 5.0;
				TARGETED_DEVICE_FAMILY = "1,2";
			};
			name = Release;
		};
/* End XCBuildConfiguration section */

/* Begin XCConfigurationList section */
		A907ACCE2A28C9D5004BBFD1 /* Build configuration list for PBXProject "CustomCarousel" */ = {
			isa = XCConfigurationList;
			buildConfigurations = (
				A907ACE52A28C9D7004BBFD1 /* Debug */,
				A907ACE62A28C9D7004BBFD1 /* Release */,
			);
			defaultConfigurationIsVisible = 0;
			defaultConfigurationName = Release;
		};
		A907ACE72A28C9D7004BBFD1 /* Build configuration list for PBXNativeTarget "CustomCarousel" */ = {
			isa = XCConfigurationList;
			buildConfigurations = (
				A907ACE82A28C9D7004BBFD1 /* Debug */,
				A907ACE92A28C9D7004BBFD1 /* Release */,
			);
			defaultConfigurationIsVisible = 0;
			defaultConfigurationName = Release;
		};
/* End XCConfigurationList section */

/* Begin XCRemoteSwiftPackageReference section */
		A907ACF72A28D1B1004BBFD1 /* XCRemoteSwiftPackageReference "SwiftExtension" */ = {
			isa = XCRemoteSwiftPackageReference;
			repositoryURL = "https://github.com/svyat96/SwiftExtension.git";
			requirement = {
				branch = main;
				kind = branch;
			};
		};
		A907ACFB2A28D510004BBFD1 /* XCRemoteSwiftPackageReference "SnapKit" */ = {
			isa = XCRemoteSwiftPackageReference;
			repositoryURL = "https://github.com/SnapKit/SnapKit.git";
			requirement = {
				kind = upToNextMajorVersion;
				minimumVersion = 5.0.0;
			};
		};
/* End XCRemoteSwiftPackageReference section */

/* Begin XCSwiftPackageProductDependency section */
		A907ACF82A28D1B1004BBFD1 /* SwiftExtension */ = {
			isa = XCSwiftPackageProductDependency;
			package = A907ACF72A28D1B1004BBFD1 /* XCRemoteSwiftPackageReference "SwiftExtension" */;
			productName = SwiftExtension;
		};
		A907ACFC2A28D510004BBFD1 /* SnapKit */ = {
			isa = XCSwiftPackageProductDependency;
			package = A907ACFB2A28D510004BBFD1 /* XCRemoteSwiftPackageReference "SnapKit" */;
			productName = SnapKit;
		};
/* End XCSwiftPackageProductDependency section */
	};
	rootObject = A907ACCB2A28C9D5004BBFD1 /* Project object */;
}
